
Microsoft Visual Studio Solution File, Format Version 12.00
# Visual Studio Version 17
VisualStudioVersion = 17.8.34525.116
MinimumVisualStudioVersion = 10.0.40219.1
Project("{FAE04EC0-301F-11D3-BF4B-00C04F79EFBC}") = "Week10ExamplesC#", "Week10ExamplesC#\Week10ExamplesC#.csproj", "{8A44AE5D-73C7-4AFF-859F-3CA724F88B1C}"
EndProject
Project("{FAE04EC0-301F-11D3-BF4B-00C04F79EFBC}") = "CSVObjList", "CSVObjList\CSVObjList.csproj", "{F7115375-EEC0-4938-B2C7-4355D28C1632}"
EndProject
Global
	GlobalSection(SolutionConfigurationPlatforms) = preSolution
		Debug|Any CPU = Debug|Any CPU
		Release|Any CPU = Release|Any CPU
	EndGlobalSection
	GlobalSection(ProjectConfigurationPlatforms) = postSolution
		{8A44AE5D-73C7-4AFF-859F-3CA724F88B1C}.Debug|Any CPU.ActiveCfg = Debug|Any CPU
		{8A44AE5D-73C7-4AFF-859F-3CA724F88B1C}.Debug|Any CPU.Build.0 = Debug|Any CPU
		{8A44AE5D-73C7-4AFF-859F-3CA724F88B1C}.Release|Any CPU.ActiveCfg = Release|Any CPU
		{8A44AE5D-73C7-4AFF-859F-3CA724F88B1C}.Release|Any CPU.Build.0 = Release|Any CPU
		{F7115375-EEC0-4938-B2C7-4355D28C1632}.Debug|Any CPU.ActiveCfg = Debug|Any CPU
		{F7115375-EEC0-4938-B2C7-4355D28C1632}.Debug|Any CPU.Build.0 = Debug|Any CPU
		{F7115375-EEC0-4938-B2C7-4355D28C1632}.Release|Any CPU.ActiveCfg = Release|Any CPU
		{F7115375-EEC0-4938-B2C7-4355D28C1632}.Release|Any CPU.Build.0 = Release|Any CPU
	EndGlobalSection
	GlobalSection(SolutionProperties) = preSolution
		HideSolutionNode = FALSE
	EndGlobalSection
	GlobalSection(ExtensibilityGlobals) = postSolution
		SolutionGuid = {1BBF46C8-8C4D-4A5A-830B-F504DBEF87D1}
	EndGlobalSection
EndGlobal
